// !$*UTF8*$!
{
	archiveVersion = 1;
	classes = {
	};
	objectVersion = 50;
	objects = {

/* Begin PBXBuildFile section */
		33292B4C2182E60E00CC69AB /* Requests.cpp in Sources */ = {isa = PBXBuildFile; fileRef = 33292B4B2182E60E00CC69AB /* Requests.cpp */; };
		3397A7AC2181B7C10066D814 /* main.cpp in Sources */ = {isa = PBXBuildFile; fileRef = 3397A7AB2181B7C10066D814 /* main.cpp */; };
		33EFDD472181BF0400A631E1 /* libboost_prg_exec_monitor.a in Frameworks */ = {isa = PBXBuildFile; fileRef = 33EFDD392181BF0400A631E1 /* libboost_prg_exec_monitor.a */; };
		33EFDD482181BF0400A631E1 /* libboost_timer.a in Frameworks */ = {isa = PBXBuildFile; fileRef = 33EFDD3A2181BF0400A631E1 /* libboost_timer.a */; };
		33EFDD492181BF0400A631E1 /* libboost_exception.a in Frameworks */ = {isa = PBXBuildFile; fileRef = 33EFDD3B2181BF0400A631E1 /* libboost_exception.a */; };
		33EFDD4A2181BF0400A631E1 /* libboost_filesystem.a in Frameworks */ = {isa = PBXBuildFile; fileRef = 33EFDD3C2181BF0400A631E1 /* libboost_filesystem.a */; };
		33EFDD4B2181BF0400A631E1 /* libboost_date_time.a in Frameworks */ = {isa = PBXBuildFile; fileRef = 33EFDD3D2181BF0400A631E1 /* libboost_date_time.a */; };
		33EFDD4C2181BF0400A631E1 /* libboost_test_exec_monitor.a in Frameworks */ = {isa = PBXBuildFile; fileRef = 33EFDD3E2181BF0400A631E1 /* libboost_test_exec_monitor.a */; };
		33EFDD4D2181BF0400A631E1 /* libboost_program_options.a in Frameworks */ = {isa = PBXBuildFile; fileRef = 33EFDD3F2181BF0400A631E1 /* libboost_program_options.a */; };
		33EFDD4E2181BF0400A631E1 /* libboost_thread.a in Frameworks */ = {isa = PBXBuildFile; fileRef = 33EFDD402181BF0400A631E1 /* libboost_thread.a */; };
		33EFDD4F2181BF0400A631E1 /* libboost_signals.a in Frameworks */ = {isa = PBXBuildFile; fileRef = 33EFDD412181BF0400A631E1 /* libboost_signals.a */; };
		33EFDD502181BF0400A631E1 /* libboost_atomic.a in Frameworks */ = {isa = PBXBuildFile; fileRef = 33EFDD422181BF0400A631E1 /* libboost_atomic.a */; };
		33EFDD512181BF0400A631E1 /* libboost_system.a in Frameworks */ = {isa = PBXBuildFile; fileRef = 33EFDD432181BF0400A631E1 /* libboost_system.a */; };
		33EFDD522181BF0400A631E1 /* libboost_chrono.a in Frameworks */ = {isa = PBXBuildFile; fileRef = 33EFDD442181BF0400A631E1 /* libboost_chrono.a */; };
		33EFDD532181BF0400A631E1 /* libboost_random.a in Frameworks */ = {isa = PBXBuildFile; fileRef = 33EFDD452181BF0400A631E1 /* libboost_random.a */; };
		33EFDD542181BF0400A631E1 /* libboost_unit_test_framework.a in Frameworks */ = {isa = PBXBuildFile; fileRef = 33EFDD462181BF0400A631E1 /* libboost_unit_test_framework.a */; };
/* End PBXBuildFile section */

/* Begin PBXCopyFilesBuildPhase section */
		3397A7A62181B7C10066D814 /* CopyFiles */ = {
			isa = PBXCopyFilesBuildPhase;
			buildActionMask = 2147483647;
			dstPath = /usr/share/man/man1/;
			dstSubfolderSpec = 0;
			files = (
			);
			runOnlyForDeploymentPostprocessing = 1;
		};
/* End PBXCopyFilesBuildPhase section */

/* Begin PBXFileReference section */
		33292B4A2182E60500CC69AB /* Requests.h */ = {isa = PBXFileReference; lastKnownFileType = sourcecode.c.h; path = Requests.h; sourceTree = "<group>"; };
		33292B4B2182E60E00CC69AB /* Requests.cpp */ = {isa = PBXFileReference; fileEncoding = 4; lastKnownFileType = sourcecode.cpp.cpp; path = Requests.cpp; sourceTree = "<group>"; };
		3397A7A82181B7C10066D814 /* PostFile */ = {isa = PBXFileReference; explicitFileType = "compiled.mach-o.executable"; includeInIndex = 0; path = PostFile; sourceTree = BUILT_PRODUCTS_DIR; };
		3397A7AB2181B7C10066D814 /* main.cpp */ = {isa = PBXFileReference; lastKnownFileType = sourcecode.cpp.cpp; path = main.cpp; sourceTree = "<group>"; };
		33EFDD392181BF0400A631E1 /* libboost_prg_exec_monitor.a */ = {isa = PBXFileReference; lastKnownFileType = archive.ar; name = libboost_prg_exec_monitor.a; path = lib/libboost_prg_exec_monitor.a; sourceTree = "<group>"; };
		33EFDD3A2181BF0400A631E1 /* libboost_timer.a */ = {isa = PBXFileReference; lastKnownFileType = archive.ar; name = libboost_timer.a; path = lib/libboost_timer.a; sourceTree = "<group>"; };
		33EFDD3B2181BF0400A631E1 /* libboost_exception.a */ = {isa = PBXFileReference; lastKnownFileType = archive.ar; name = libboost_exception.a; path = lib/libboost_exception.a; sourceTree = "<group>"; };
		33EFDD3C2181BF0400A631E1 /* libboost_filesystem.a */ = {isa = PBXFileReference; lastKnownFileType = archive.ar; name = libboost_filesystem.a; path = lib/libboost_filesystem.a; sourceTree = "<group>"; };
		33EFDD3D2181BF0400A631E1 /* libboost_date_time.a */ = {isa = PBXFileReference; lastKnownFileType = archive.ar; name = libboost_date_time.a; path = lib/libboost_date_time.a; sourceTree = "<group>"; };
		33EFDD3E2181BF0400A631E1 /* libboost_test_exec_monitor.a */ = {isa = PBXFileReference; lastKnownFileType = archive.ar; name = libboost_test_exec_monitor.a; path = lib/libboost_test_exec_monitor.a; sourceTree = "<group>"; };
		33EFDD3F2181BF0400A631E1 /* libboost_program_options.a */ = {isa = PBXFileReference; lastKnownFileType = archive.ar; name = libboost_program_options.a; path = lib/libboost_program_options.a; sourceTree = "<group>"; };
		33EFDD402181BF0400A631E1 /* libboost_thread.a */ = {isa = PBXFileReference; lastKnownFileType = archive.ar; name = libboost_thread.a; path = lib/libboost_thread.a; sourceTree = "<group>"; };
		33EFDD412181BF0400A631E1 /* libboost_signals.a */ = {isa = PBXFileReference; lastKnownFileType = archive.ar; name = libboost_signals.a; path = lib/libboost_signals.a; sourceTree = "<group>"; };
		33EFDD422181BF0400A631E1 /* libboost_atomic.a */ = {isa = PBXFileReference; lastKnownFileType = archive.ar; name = libboost_atomic.a; path = lib/libboost_atomic.a; sourceTree = "<group>"; };
		33EFDD432181BF0400A631E1 /* libboost_system.a */ = {isa = PBXFileReference; lastKnownFileType = archive.ar; name = libboost_system.a; path = lib/libboost_system.a; sourceTree = "<group>"; };
		33EFDD442181BF0400A631E1 /* libboost_chrono.a */ = {isa = PBXFileReference; lastKnownFileType = archive.ar; name = libboost_chrono.a; path = lib/libboost_chrono.a; sourceTree = "<group>"; };
		33EFDD452181BF0400A631E1 /* libboost_random.a */ = {isa = PBXFileReference; lastKnownFileType = archive.ar; name = libboost_random.a; path = lib/libboost_random.a; sourceTree = "<group>"; };
		33EFDD462181BF0400A631E1 /* libboost_unit_test_framework.a */ = {isa = PBXFileReference; lastKnownFileType = archive.ar; name = libboost_unit_test_framework.a; path = lib/libboost_unit_test_framework.a; sourceTree = "<group>"; };
/* End PBXFileReference section */

/* Begin PBXFrameworksBuildPhase section */
		3397A7A52181B7C10066D814 /* Frameworks */ = {
			isa = PBXFrameworksBuildPhase;
			buildActionMask = 2147483647;
			files = (
				33EFDD472181BF0400A631E1 /* libboost_prg_exec_monitor.a in Frameworks */,
				33EFDD482181BF0400A631E1 /* libboost_timer.a in Frameworks */,
				33EFDD492181BF0400A631E1 /* libboost_exception.a in Frameworks */,
				33EFDD4A2181BF0400A631E1 /* libboost_filesystem.a in Frameworks */,
				33EFDD4B2181BF0400A631E1 /* libboost_date_time.a in Frameworks */,
				33EFDD4C2181BF0400A631E1 /* libboost_test_exec_monitor.a in Frameworks */,
				33EFDD4D2181BF0400A631E1 /* libboost_program_options.a in Frameworks */,
				33EFDD4E2181BF0400A631E1 /* libboost_thread.a in Frameworks */,
				33EFDD4F2181BF0400A631E1 /* libboost_signals.a in Frameworks */,
				33EFDD502181BF0400A631E1 /* libboost_atomic.a in Frameworks */,
				33EFDD512181BF0400A631E1 /* libboost_system.a in Frameworks */,
				33EFDD522181BF0400A631E1 /* libboost_chrono.a in Frameworks */,
				33EFDD532181BF0400A631E1 /* libboost_random.a in Frameworks */,
				33EFDD542181BF0400A631E1 /* libboost_unit_test_framework.a in Frameworks */,
			);
			runOnlyForDeploymentPostprocessing = 0;
		};
/* End PBXFrameworksBuildPhase section */

/* Begin PBXGroup section */
		3397A79F2181B7C10066D814 = {
			isa = PBXGroup;
			children = (
				3397A7AA2181B7C10066D814 /* PostFile */,
				3397A7A92181B7C10066D814 /* Products */,
				33EFDD382181BF0400A631E1 /* Frameworks */,
			);
			sourceTree = "<group>";
		};
		3397A7A92181B7C10066D814 /* Products */ = {
			isa = PBXGroup;
			children = (
				3397A7A82181B7C10066D814 /* PostFile */,
			);
			name = Products;
			sourceTree = "<group>";
		};
		3397A7AA2181B7C10066D814 /* PostFile */ = {
			isa = PBXGroup;
			children = (
				33292B4A2182E60500CC69AB /* Requests.h */,
				33292B4B2182E60E00CC69AB /* Requests.cpp */,
				3397A7AB2181B7C10066D814 /* main.cpp */,
			);
			path = PostFile;
			sourceTree = "<group>";
		};
		33EFDD382181BF0400A631E1 /* Frameworks */ = {
			isa = PBXGroup;
			children = (
				33EFDD422181BF0400A631E1 /* libboost_atomic.a */,
				33EFDD442181BF0400A631E1 /* libboost_chrono.a */,
				33EFDD3D2181BF0400A631E1 /* libboost_date_time.a */,
				33EFDD3B2181BF0400A631E1 /* libboost_exception.a */,
				33EFDD3C2181BF0400A631E1 /* libboost_filesystem.a */,
				33EFDD392181BF0400A631E1 /* libboost_prg_exec_monitor.a */,
				33EFDD3F2181BF0400A631E1 /* libboost_program_options.a */,
				33EFDD452181BF0400A631E1 /* libboost_random.a */,
				33EFDD412181BF0400A631E1 /* libboost_signals.a */,
				33EFDD432181BF0400A631E1 /* libboost_system.a */,
				33EFDD3E2181BF0400A631E1 /* libboost_test_exec_monitor.a */,
				33EFDD402181BF0400A631E1 /* libboost_thread.a */,
				33EFDD3A2181BF0400A631E1 /* libboost_timer.a */,
				33EFDD462181BF0400A631E1 /* libboost_unit_test_framework.a */,
			);
			name = Frameworks;
			sourceTree = "<group>";
		};
/* End PBXGroup section */

/* Begin PBXNativeTarget section */
		3397A7A72181B7C10066D814 /* PostFile */ = {
			isa = PBXNativeTarget;
			buildConfigurationList = 3397A7AF2181B7C10066D814 /* Build configuration list for PBXNativeTarget "PostFile" */;
			buildPhases = (
				3397A7A42181B7C10066D814 /* Sources */,
				3397A7A52181B7C10066D814 /* Frameworks */,
				3397A7A62181B7C10066D814 /* CopyFiles */,
			);
			buildRules = (
			);
			dependencies = (
			);
			name = PostFile;
			productName = PostFile;
			productReference = 3397A7A82181B7C10066D814 /* PostFile */;
			productType = "com.apple.product-type.tool";
		};
/* End PBXNativeTarget section */

/* Begin PBXProject section */
		3397A7A02181B7C10066D814 /* Project object */ = {
			isa = PBXProject;
			attributes = {
				LastUpgradeCheck = 1000;
				ORGANIZATIONNAME = "陈龙";
				TargetAttributes = {
					3397A7A72181B7C10066D814 = {
						CreatedOnToolsVersion = 10.0;
					};
				};
			};
			buildConfigurationList = 3397A7A32181B7C10066D814 /* Build configuration list for PBXProject "PostFile" */;
			compatibilityVersion = "Xcode 9.3";
			developmentRegion = en;
			hasScannedForEncodings = 0;
			knownRegions = (
				en,
			);
			mainGroup = 3397A79F2181B7C10066D814;
			productRefGroup = 3397A7A92181B7C10066D814 /* Products */;
			projectDirPath = "";
			projectRoot = "";
			targets = (
				3397A7A72181B7C10066D814 /* PostFile */,
			);
		};
/* End PBXProject section */

/* Begin PBXSourcesBuildPhase section */
		3397A7A42181B7C10066D814 /* Sources */ = {
			isa = PBXSourcesBuildPhase;
			buildActionMask = 2147483647;
			files = (
				3397A7AC2181B7C10066D814 /* main.cpp in Sources */,
				33292B4C2182E60E00CC69AB /* Requests.cpp in Sources */,
			);
			runOnlyForDeploymentPostprocessing = 0;
		};
/* End PBXSourcesBuildPhase section */

/* Begin XCBuildConfiguration section */
		3397A7AD2181B7C10066D814 /* Debug */ = {
			isa = XCBuildConfiguration;
			buildSettings = {
				ALWAYS_SEARCH_USER_PATHS = NO;
				CLANG_ANALYZER_NONNULL = YES;
				CLANG_ANALYZER_NUMBER_OBJECT_CONVERSION = YES_AGGRESSIVE;
				CLANG_CXX_LANGUAGE_STANDARD = "gnu++14";
				CLANG_CXX_LIBRARY = "libc++";
				CLANG_ENABLE_MODULES = YES;
				CLANG_ENABLE_OBJC_ARC = YES;
				CLANG_ENABLE_OBJC_WEAK = YES;
				CLANG_WARN_BLOCK_CAPTURE_AUTORELEASING = YES;
				CLANG_WARN_BOOL_CONVERSION = YES;
				CLANG_WARN_COMMA = YES;
				CLANG_WARN_CONSTANT_CONVERSION = YES;
				CLANG_WARN_DEPRECATED_OBJC_IMPLEMENTATIONS = YES;
				CLANG_WARN_DIRECT_OBJC_ISA_USAGE = YES_ERROR;
				CLANG_WARN_DOCUMENTATION_COMMENTS = YES;
				CLANG_WARN_EMPTY_BODY = YES;
				CLANG_WARN_ENUM_CONVERSION = YES;
				CLANG_WARN_INFINITE_RECURSION = YES;
				CLANG_WARN_INT_CONVERSION = YES;
				CLANG_WARN_NON_LITERAL_NULL_CONVERSION = YES;
				CLANG_WARN_OBJC_IMPLICIT_RETAIN_SELF = YES;
				CLANG_WARN_OBJC_LITERAL_CONVERSION = YES;
				CLANG_WARN_OBJC_ROOT_CLASS = YES_ERROR;
				CLANG_WARN_RANGE_LOOP_ANALYSIS = YES;
				CLANG_WARN_STRICT_PROTOTYPES = YES;
				CLANG_WARN_SUSPICIOUS_MOVE = YES;
				CLANG_WARN_UNGUARDED_AVAILABILITY = YES_AGGRESSIVE;
				CLANG_WARN_UNREACHABLE_CODE = YES;
				CLANG_WARN__DUPLICATE_METHOD_MATCH = YES;
				CODE_SIGN_IDENTITY = "-";
				COPY_PHASE_STRIP = NO;
				DEBUG_INFORMATION_FORMAT = dwarf;
				ENABLE_STRICT_OBJC_MSGSEND = YES;
				ENABLE_TESTABILITY = YES;
				GCC_C_LANGUAGE_STANDARD = gnu11;
				GCC_DYNAMIC_NO_PIC = NO;
				GCC_NO_COMMON_BLOCKS = YES;
				GCC_OPTIMIZATION_LEVEL = 0;
				GCC_PREPROCESSOR_DEFINITIONS = (
					"DEBUG=1",
					"$(inherited)",
				);
				GCC_WARN_64_TO_32_BIT_CONVERSION = YES;
				GCC_WARN_ABOUT_RETURN_TYPE = YES_ERROR;
				GCC_WARN_UNDECLARED_SELECTOR = YES;
				GCC_WARN_UNINITIALIZED_AUTOS = YES_AGGRESSIVE;
				GCC_WARN_UNUSED_FUNCTION = YES;
				GCC_WARN_UNUSED_VARIABLE = YES;
				MACOSX_DEPLOYMENT_TARGET = 10.13;
				MTL_ENABLE_DEBUG_INFO = INCLUDE_SOURCE;
				MTL_FAST_MATH = YES;
				ONLY_ACTIVE_ARCH = YES;
				SDKROOT = macosx;
			};
			name = Debug;
		};
		3397A7AE2181B7C10066D814 /* Release */ = {
			isa = XCBuildConfiguration;
			buildSettings = {
				ALWAYS_SEARCH_USER_PATHS = NO;
				CLANG_ANALYZER_NONNULL = YES;
				CLANG_ANALYZER_NUMBER_OBJECT_CONVERSION = YES_AGGRESSIVE;
				CLANG_CXX_LANGUAGE_STANDARD = "gnu++14";
				CLANG_CXX_LIBRARY = "libc++";
				CLANG_ENABLE_MODULES = YES;
				CLANG_ENABLE_OBJC_ARC = YES;
				CLANG_ENABLE_OBJC_WEAK = YES;
				CLANG_WARN_BLOCK_CAPTURE_AUTORELEASING = YES;
				CLANG_WARN_BOOL_CONVERSION = YES;
				CLANG_WARN_COMMA = YES;
				CLANG_WARN_CONSTANT_CONVERSION = YES;
				CLANG_WARN_DEPRECATED_OBJC_IMPLEMENTATIONS = YES;
				CLANG_WARN_DIRECT_OBJC_ISA_USAGE = YES_ERROR;
				CLANG_WARN_DOCUMENTATION_COMMENTS = YES;
				CLANG_WARN_EMPTY_BODY = YES;
				CLANG_WARN_ENUM_CONVERSION = YES;
				CLANG_WARN_INFINITE_RECURSION = YES;
				CLANG_WARN_INT_CONVERSION = YES;
				CLANG_WARN_NON_LITERAL_NULL_CONVERSION = YES;
				CLANG_WARN_OBJC_IMPLICIT_RETAIN_SELF = YES;
				CLANG_WARN_OBJC_LITERAL_CONVERSION = YES;
				CLANG_WARN_OBJC_ROOT_CLASS = YES_ERROR;
				CLANG_WARN_RANGE_LOOP_ANALYSIS = YES;
				CLANG_WARN_STRICT_PROTOTYPES = YES;
				CLANG_WARN_SUSPICIOUS_MOVE = YES;
				CLANG_WARN_UNGUARDED_AVAILABILITY = YES_AGGRESSIVE;
				CLANG_WARN_UNREACHABLE_CODE = YES;
				CLANG_WARN__DUPLICATE_METHOD_MATCH = YES;
				CODE_SIGN_IDENTITY = "-";
				COPY_PHASE_STRIP = NO;
				DEBUG_INFORMATION_FORMAT = "dwarf-with-dsym";
				ENABLE_NS_ASSERTIONS = NO;
				ENABLE_STRICT_OBJC_MSGSEND = YES;
				GCC_C_LANGUAGE_STANDARD = gnu11;
				GCC_NO_COMMON_BLOCKS = YES;
				GCC_WARN_64_TO_32_BIT_CONVERSION = YES;
				GCC_WARN_ABOUT_RETURN_TYPE = YES_ERROR;
				GCC_WARN_UNDECLARED_SELECTOR = YES;
				GCC_WARN_UNINITIALIZED_AUTOS = YES_AGGRESSIVE;
				GCC_WARN_UNUSED_FUNCTION = YES;
				GCC_WARN_UNUSED_VARIABLE = YES;
				MACOSX_DEPLOYMENT_TARGET = 10.13;
				MTL_ENABLE_DEBUG_INFO = NO;
				MTL_FAST_MATH = YES;
				SDKROOT = macosx;
			};
			name = Release;
		};
		3397A7B02181B7C10066D814 /* Debug */ = {
			isa = XCBuildConfiguration;
			buildSettings = {
				CODE_SIGN_STYLE = Automatic;
				HEADER_SEARCH_PATHS = "$(SRCROOT)";
				LIBRARY_SEARCH_PATHS = (
					./lib,
					"$(PROJECT_DIR)/lib",
				);
				PRODUCT_NAME = "$(TARGET_NAME)";
				SYSTEM_HEADER_SEARCH_PATHS = "";
			};
			name = Debug;
		};
		3397A7B12181B7C10066D814 /* Release */ = {
			isa = XCBuildConfiguration;
			buildSettings = {
				CODE_SIGN_STYLE = Automatic;
				HEADER_SEARCH_PATHS = "$(SRCROOT)";
				LIBRARY_SEARCH_PATHS = (
					./lib,
					"$(PROJECT_DIR)/lib",
				);
				PRODUCT_NAME = "$(TARGET_NAME)";
				SYSTEM_HEADER_SEARCH_PATHS = "";
			};
			name = Release;
		};
/* End XCBuildConfiguration section */

/* Begin XCConfigurationList section */
		3397A7A32181B7C10066D814 /* Build configuration list for PBXProject "PostFile" */ = {
			isa = XCConfigurationList;
			buildConfigurations = (
				3397A7AD2181B7C10066D814 /* Debug */,
				3397A7AE2181B7C10066D814 /* Release */,
			);
			defaultConfigurationIsVisible = 0;
			defaultConfigurationName = Release;
		};
		3397A7AF2181B7C10066D814 /* Build configuration list for PBXNativeTarget "PostFile" */ = {
			isa = XCConfigurationList;
			buildConfigurations = (
				3397A7B02181B7C10066D814 /* Debug */,
				3397A7B12181B7C10066D814 /* Release */,
			);
			defaultConfigurationIsVisible = 0;
			defaultConfigurationName = Release;
		};
/* End XCConfigurationList section */
	};
	rootObject = 3397A7A02181B7C10066D814 /* Project object */;
}
